Microsoft Visual Studio Solution File, Format Version 11.00
# Visual Studio 2008

Project("{8832425A-FF7A-2751-8EAE-BC7C0D377FD2}") = "PlatformerEngineV2", "Assembly-CSharp-firstpass.csproj", "{89DCDD44-578F-A929-CBC7-7DD25A9A292A}"
EndProject
Project("{8832425A-FF7A-2751-8EAE-BC7C0D377FD2}") = "PlatformerEngineV2", "Assembly-CSharp.csproj", "{12C6BE94-D136-CCC6-17D4-9DC4A03A9218}"
EndProject
Project("{8832425A-FF7A-2751-8EAE-BC7C0D377FD2}") = "PlatformerEngineV2", "Assembly-CSharp-Editor.csproj", "{46718E0B-DBE8-A653-6C8C-81385E1284F5}"
EndProject
Global
	GlobalSection(SolutionConfigurationPlatforms) = preSolution
		Debug|Any CPU = Debug|Any CPU
		Release|Any CPU = Release|Any CPU
	EndGlobalSection
	GlobalSection(ProjectConfigurationPlatforms) = postSolution
		{89DCDD44-578F-A929-CBC7-7DD25A9A292A}.Debug|Any CPU.ActiveCfg = Debug|Any CPU
		{89DCDD44-578F-A929-CBC7-7DD25A9A292A}.Debug|Any CPU.Build.0 = Debug|Any CPU
		{89DCDD44-578F-A929-CBC7-7DD25A9A292A}.Release|Any CPU.ActiveCfg = Release|Any CPU
		{89DCDD44-578F-A929-CBC7-7DD25A9A292A}.Release|Any CPU.Build.0 = Release|Any CPU
		{12C6BE94-D136-CCC6-17D4-9DC4A03A9218}.Debug|Any CPU.ActiveCfg = Debug|Any CPU
		{12C6BE94-D136-CCC6-17D4-9DC4A03A9218}.Debug|Any CPU.Build.0 = Debug|Any CPU
		{12C6BE94-D136-CCC6-17D4-9DC4A03A9218}.Release|Any CPU.ActiveCfg = Release|Any CPU
		{12C6BE94-D136-CCC6-17D4-9DC4A03A9218}.Release|Any CPU.Build.0 = Release|Any CPU
		{46718E0B-DBE8-A653-6C8C-81385E1284F5}.Debug|Any CPU.ActiveCfg = Debug|Any CPU
		{46718E0B-DBE8-A653-6C8C-81385E1284F5}.Debug|Any CPU.Build.0 = Debug|Any CPU
		{46718E0B-DBE8-A653-6C8C-81385E1284F5}.Release|Any CPU.ActiveCfg = Release|Any CPU
		{46718E0B-DBE8-A653-6C8C-81385E1284F5}.Release|Any CPU.Build.0 = Release|Any CPU
	EndGlobalSection
	GlobalSection(SolutionProperties) = preSolution
		HideSolutionNode = FALSE
	EndGlobalSection
													GlobalSection(MonoDevelopProperties) = preSolution
		StartupItem = Assembly-CSharp.csproj
		Policies = $0
		$0.TextStylePolicy = $1
		$1.inheritsSet = null
		$1.scope = text/x-csharp
		$0.CSharpFormattingPolicy = $2
		$2.inheritsSet = Mono
		$2.inheritsScope = text/x-csharp
		$2.scope = text/x-csharp
		$0.TextStylePolicy = $3
		$3.FileWidth = 120
		$3.TabWidth = 4
		$3.IndentWidth = 4
		$3.EolMarker = Unix
		$3.inheritsSet = Mono
		$3.inheritsScope = text/plain
		$3.scope = text/plain
	EndGlobalSection

EndGlobal
